
Microsoft Visual Studio Solution File, Format Version 12.00
# Visual Studio 2012
Project("{FAE04EC0-301F-11D3-BF4B-00C04F79EFBC}") = "KandTKardach", "KandTKardach\KandTKardach.csproj", "{4E8D695A-5A44-42E9-A23E-8A2F668A8163}"
EndProject
Project("{FAE04EC0-301F-11D3-BF4B-00C04F79EFBC}") = "KandTKardach.Tests", "KandTKardach.Tests\KandTKardach.Tests.csproj", "{505AC224-D200-4CEF-8A56-72F9F6E489B8}"
EndProject
Global
	GlobalSection(SolutionConfigurationPlatforms) = preSolution
		Debug|Any CPU = Debug|Any CPU
		Release|Any CPU = Release|Any CPU
	EndGlobalSection
	GlobalSection(ProjectConfigurationPlatforms) = postSolution
		{4E8D695A-5A44-42E9-A23E-8A2F668A8163}.Debug|Any CPU.ActiveCfg = Debug|Any CPU
		{4E8D695A-5A44-42E9-A23E-8A2F668A8163}.Debug|Any CPU.Build.0 = Debug|Any CPU
		{4E8D695A-5A44-42E9-A23E-8A2F668A8163}.Release|Any CPU.ActiveCfg = Release|Any CPU
		{4E8D695A-5A44-42E9-A23E-8A2F668A8163}.Release|Any CPU.Build.0 = Release|Any CPU
		{505AC224-D200-4CEF-8A56-72F9F6E489B8}.Debug|Any CPU.ActiveCfg = Debug|Any CPU
		{505AC224-D200-4CEF-8A56-72F9F6E489B8}.Debug|Any CPU.Build.0 = Debug|Any CPU
		{505AC224-D200-4CEF-8A56-72F9F6E489B8}.Release|Any CPU.ActiveCfg = Release|Any CPU
		{505AC224-D200-4CEF-8A56-72F9F6E489B8}.Release|Any CPU.Build.0 = Release|Any CPU
	EndGlobalSection
EndGlobal
